
Microsoft Visual Studio Solution File, Format Version 12.00
# Visual Studio Version 16
VisualStudioVersion = 16.0.28729.10
MinimumVisualStudioVersion = 10.0.40219.1
Project("{FAE04EC0-301F-11D3-BF4B-00C04F79EFBC}") = "StringCalculator", "StringCalculator\StringCalculator.csproj", "{A0B9404F-A28F-40D7-8AEA-6E43A20FE290}"
EndProject
Project("{FAE04EC0-301F-11D3-BF4B-00C04F79EFBC}") = "UnitTests", "UnitTests\UnitTests.csproj", "{A423C062-A017-4877-BD80-3B980315CA3D}"
EndProject
Global
	GlobalSection(SolutionConfigurationPlatforms) = preSolution
		Debug|Any CPU = Debug|Any CPU
		Release|Any CPU = Release|Any CPU
	EndGlobalSection
	GlobalSection(ProjectConfigurationPlatforms) = postSolution
		{A0B9404F-A28F-40D7-8AEA-6E43A20FE290}.Debug|Any CPU.ActiveCfg = Debug|Any CPU
		{A0B9404F-A28F-40D7-8AEA-6E43A20FE290}.Debug|Any CPU.Build.0 = Debug|Any CPU
		{A0B9404F-A28F-40D7-8AEA-6E43A20FE290}.Release|Any CPU.ActiveCfg = Release|Any CPU
		{A0B9404F-A28F-40D7-8AEA-6E43A20FE290}.Release|Any CPU.Build.0 = Release|Any CPU
		{A423C062-A017-4877-BD80-3B980315CA3D}.Debug|Any CPU.ActiveCfg = Debug|Any CPU
		{A423C062-A017-4877-BD80-3B980315CA3D}.Debug|Any CPU.Build.0 = Debug|Any CPU
		{A423C062-A017-4877-BD80-3B980315CA3D}.Release|Any CPU.ActiveCfg = Release|Any CPU
		{A423C062-A017-4877-BD80-3B980315CA3D}.Release|Any CPU.Build.0 = Release|Any CPU
	EndGlobalSection
	GlobalSection(SolutionProperties) = preSolution
		HideSolutionNode = FALSE
	EndGlobalSection
	GlobalSection(ExtensibilityGlobals) = postSolution
		SolutionGuid = {868D50B6-2ECE-4563-A728-03CC0E78053F}
	EndGlobalSection
EndGlobal
