
Microsoft Visual Studio Solution File, Format Version 12.00
# Visual Studio Version 16
VisualStudioVersion = 16.0.28729.10
MinimumVisualStudioVersion = 10.0.40219.1
Project("{FAE04EC0-301F-11D3-BF4B-00C04F79EFBC}") = "Anagrams2", "Anagrams2\Anagrams2.csproj", "{35BBF66D-A897-4A5D-BD81-2209DF5D1C23}"
EndProject
Project("{FAE04EC0-301F-11D3-BF4B-00C04F79EFBC}") = "UnitTests", "UnitTests\UnitTests.csproj", "{2D19244A-5AEF-4F11-A210-E486E17FBB5E}"
EndProject
Global
	GlobalSection(SolutionConfigurationPlatforms) = preSolution
		Debug|Any CPU = Debug|Any CPU
		Release|Any CPU = Release|Any CPU
	EndGlobalSection
	GlobalSection(ProjectConfigurationPlatforms) = postSolution
		{35BBF66D-A897-4A5D-BD81-2209DF5D1C23}.Debug|Any CPU.ActiveCfg = Debug|Any CPU
		{35BBF66D-A897-4A5D-BD81-2209DF5D1C23}.Debug|Any CPU.Build.0 = Debug|Any CPU
		{35BBF66D-A897-4A5D-BD81-2209DF5D1C23}.Release|Any CPU.ActiveCfg = Release|Any CPU
		{35BBF66D-A897-4A5D-BD81-2209DF5D1C23}.Release|Any CPU.Build.0 = Release|Any CPU
		{2D19244A-5AEF-4F11-A210-E486E17FBB5E}.Debug|Any CPU.ActiveCfg = Debug|Any CPU
		{2D19244A-5AEF-4F11-A210-E486E17FBB5E}.Debug|Any CPU.Build.0 = Debug|Any CPU
		{2D19244A-5AEF-4F11-A210-E486E17FBB5E}.Release|Any CPU.ActiveCfg = Release|Any CPU
		{2D19244A-5AEF-4F11-A210-E486E17FBB5E}.Release|Any CPU.Build.0 = Release|Any CPU
	EndGlobalSection
	GlobalSection(SolutionProperties) = preSolution
		HideSolutionNode = FALSE
	EndGlobalSection
	GlobalSection(ExtensibilityGlobals) = postSolution
		SolutionGuid = {5DDBA707-AA15-4A9E-AF39-58CAA018B760}
	EndGlobalSection
EndGlobal
